
Microsoft Visual Studio Solution File, Format Version 12.00
Project("{2150E333-8FDC-42A3-9474-1A3956D46DE8}") = "src", "src", "{A7FC1234-95E3-4496-B5F7-4306F41E6A0E}"
EndProject
Project("{2150E333-8FDC-42A3-9474-1A3956D46DE8}") = "tests", "tests", "{4B305AC9-153F-4EA3-822F-3E5023BABAF1}"
EndProject
Project("{FAE04EC0-301F-11D3-BF4B-00C04F79EFBC}") = "git-credential-manager", "src\git-credential-manager\git-credential-manager.csproj", "{28F06D44-AB25-4CF5-93F9-978C23FAA9D6}"
EndProject
Project("{FAE04EC0-301F-11D3-BF4B-00C04F79EFBC}") = "Microsoft.Git.CredentialManager", "src\Microsoft.Git.CredentialManager\Microsoft.Git.CredentialManager.csproj", "{31BCFC70-B767-4274-873F-1A076D422FC3}"
EndProject
Project("{FAE04EC0-301F-11D3-BF4B-00C04F79EFBC}") = "Microsoft.Git.CredentialManager.Tests", "tests\Microsoft.Git.CredentialManager.Tests\Microsoft.Git.CredentialManager.Tests.csproj", "{AD41FA1E-51F5-4E4F-B7DA-32F921491313}"
EndProject
Global
	GlobalSection(SolutionConfigurationPlatforms) = preSolution
		Debug|Any CPU = Debug|Any CPU
		Release|Any CPU = Release|Any CPU
	EndGlobalSection
	GlobalSection(NestedProjects) = preSolution
		{28F06D44-AB25-4CF5-93F9-978C23FAA9D6} = {A7FC1234-95E3-4496-B5F7-4306F41E6A0E}
		{31BCFC70-B767-4274-873F-1A076D422FC3} = {A7FC1234-95E3-4496-B5F7-4306F41E6A0E}
		{AD41FA1E-51F5-4E4F-B7DA-32F921491313} = {4B305AC9-153F-4EA3-822F-3E5023BABAF1}
	EndGlobalSection
	GlobalSection(ProjectConfigurationPlatforms) = postSolution
		{28F06D44-AB25-4CF5-93F9-978C23FAA9D6}.Debug|Any CPU.ActiveCfg = Debug|Any CPU
		{28F06D44-AB25-4CF5-93F9-978C23FAA9D6}.Debug|Any CPU.Build.0 = Debug|Any CPU
		{28F06D44-AB25-4CF5-93F9-978C23FAA9D6}.Release|Any CPU.ActiveCfg = Release|Any CPU
		{28F06D44-AB25-4CF5-93F9-978C23FAA9D6}.Release|Any CPU.Build.0 = Release|Any CPU
		{31BCFC70-B767-4274-873F-1A076D422FC3}.Debug|Any CPU.ActiveCfg = Debug|Any CPU
		{31BCFC70-B767-4274-873F-1A076D422FC3}.Debug|Any CPU.Build.0 = Debug|Any CPU
		{31BCFC70-B767-4274-873F-1A076D422FC3}.Release|Any CPU.ActiveCfg = Release|Any CPU
		{31BCFC70-B767-4274-873F-1A076D422FC3}.Release|Any CPU.Build.0 = Release|Any CPU
		{AD41FA1E-51F5-4E4F-B7DA-32F921491313}.Debug|Any CPU.ActiveCfg = Debug|Any CPU
		{AD41FA1E-51F5-4E4F-B7DA-32F921491313}.Debug|Any CPU.Build.0 = Debug|Any CPU
		{AD41FA1E-51F5-4E4F-B7DA-32F921491313}.Release|Any CPU.ActiveCfg = Release|Any CPU
		{AD41FA1E-51F5-4E4F-B7DA-32F921491313}.Release|Any CPU.Build.0 = Release|Any CPU
	EndGlobalSection
EndGlobal
