
Microsoft Visual Studio Solution File, Format Version 12.00
# Visual Studio 15
VisualStudioVersion = 15.0.28307.168
MinimumVisualStudioVersion = 10.0.40219.1
Project("{2150E333-8FDC-42A3-9474-1A3956D46DE8}") = "src", "src", "{A7FC1234-95E3-4496-B5F7-4306F41E6A0E}"
EndProject
Project("{2150E333-8FDC-42A3-9474-1A3956D46DE8}") = "tests", "tests", "{4B305AC9-153F-4EA3-822F-3E5023BABAF1}"
EndProject
Project("{9A19103F-16F7-4668-BE54-9A1E7A4F7556}") = "Git-Credential-Manager", "common\src\Git-Credential-Manager\Git-Credential-Manager.csproj", "{28F06D44-AB25-4CF5-93F9-978C23FAA9D6}"
EndProject
Project("{9A19103F-16F7-4668-BE54-9A1E7A4F7556}") = "Microsoft.Git.CredentialManager", "common\src\Microsoft.Git.CredentialManager\Microsoft.Git.CredentialManager.csproj", "{31BCFC70-B767-4274-873F-1A076D422FC3}"
EndProject
Project("{9A19103F-16F7-4668-BE54-9A1E7A4F7556}") = "Microsoft.Git.CredentialManager.Tests", "common\tests\Microsoft.Git.CredentialManager.Tests\Microsoft.Git.CredentialManager.Tests.csproj", "{AD41FA1E-51F5-4E4F-B7DA-32F921491313}"
EndProject
Project("{9A19103F-16F7-4668-BE54-9A1E7A4F7556}") = "Microsoft.AzureRepos", "common\src\Microsoft.AzureRepos\Microsoft.AzureRepos.csproj", "{714AF9EB-44E6-4058-BD3E-9039F29F4D7A}"
EndProject
Project("{9A19103F-16F7-4668-BE54-9A1E7A4F7556}") = "Microsoft.AzureRepos.Tests", "common\tests\Microsoft.AzureRepos.Tests\Microsoft.AzureRepos.Tests.csproj", "{97DC6241-1240-4A85-8035-F8404A983A82}"
EndProject
Project("{2150E333-8FDC-42A3-9474-1A3956D46DE8}") = "windows", "windows", "{66722747-1B61-40E4-A89B-1AC8E6D62EA9}"
EndProject
Project("{2150E333-8FDC-42A3-9474-1A3956D46DE8}") = "common", "common", "{A9C4E7AA-8004-4EED-B8E0-33A365AEF3D1}"
EndProject
Project("{2150E333-8FDC-42A3-9474-1A3956D46DE8}") = "src", "src", "{1229E443-E66C-402F-8AA4-5AE6A207D3C7}"
EndProject
Project("{2150E333-8FDC-42A3-9474-1A3956D46DE8}") = "tests", "tests", "{DD8B847B-286B-4928-867B-E09C6C90DA1F}"
EndProject
Project("{FAE04EC0-301F-11D3-BF4B-00C04F79EFBC}") = "TestInfrastructure", "common\tests\TestInfrastructure\TestInfrastructure.csproj", "{5A7D9E8B-C1D2-4C5C-BE98-648C41D1F8BD}"
EndProject
Project("{FAE04EC0-301F-11D3-BF4B-00C04F79EFBC}") = "GitHub", "common\src\GitHub\GitHub.csproj", "{3C840B06-A595-4FD9-9A76-56CD45B14780}"
EndProject
Project("{FAE04EC0-301F-11D3-BF4B-00C04F79EFBC}") = "GitHub.Tests", "common\tests\GitHub.Tests\GitHub.Tests.csproj", "{03B9B82B-7DCA-4554-97AB-C98FF18FB385}"
EndProject
Project("{FAE04EC0-301F-11D3-BF4B-00C04F79EFBC}") = "Microsoft.Authentication.Helper", "windows\src\Microsoft.Authentication.Helper\Microsoft.Authentication.Helper.csproj", "{8B984F78-4EAF-4BC0-A34E-BA3949700ED4}"
EndProject
Project("{FAE04EC0-301F-11D3-BF4B-00C04F79EFBC}") = "Microsoft.Authentication.Helper.Tests", "windows\tests\Microsoft.Authentication.Helper.Tests\Microsoft.Authentication.Helper.Tests.csproj", "{E0391B02-16D5-4B49-9C33-349B25717011}"
EndProject
Global
	GlobalSection(SolutionConfigurationPlatforms) = preSolution
		Debug|Any CPU = Debug|Any CPU
		Release|Any CPU = Release|Any CPU
		WindowsDebug|Any CPU = WindowsDebug|Any CPU
		WindowsRelease|Any CPU = WindowsRelease|Any CPU
	EndGlobalSection
	GlobalSection(ProjectConfigurationPlatforms) = postSolution
		{28F06D44-AB25-4CF5-93F9-978C23FAA9D6}.Debug|Any CPU.ActiveCfg = Debug|Any CPU
		{28F06D44-AB25-4CF5-93F9-978C23FAA9D6}.Debug|Any CPU.Build.0 = Debug|Any CPU
		{28F06D44-AB25-4CF5-93F9-978C23FAA9D6}.Release|Any CPU.ActiveCfg = Release|Any CPU
		{28F06D44-AB25-4CF5-93F9-978C23FAA9D6}.Release|Any CPU.Build.0 = Release|Any CPU
		{28F06D44-AB25-4CF5-93F9-978C23FAA9D6}.WindowsDebug|Any CPU.ActiveCfg = Debug|Any CPU
		{28F06D44-AB25-4CF5-93F9-978C23FAA9D6}.WindowsDebug|Any CPU.Build.0 = Debug|Any CPU
		{28F06D44-AB25-4CF5-93F9-978C23FAA9D6}.WindowsRelease|Any CPU.ActiveCfg = Release|Any CPU
		{28F06D44-AB25-4CF5-93F9-978C23FAA9D6}.WindowsRelease|Any CPU.Build.0 = Release|Any CPU
		{31BCFC70-B767-4274-873F-1A076D422FC3}.Debug|Any CPU.ActiveCfg = Debug|Any CPU
		{31BCFC70-B767-4274-873F-1A076D422FC3}.Debug|Any CPU.Build.0 = Debug|Any CPU
		{31BCFC70-B767-4274-873F-1A076D422FC3}.Release|Any CPU.ActiveCfg = Release|Any CPU
		{31BCFC70-B767-4274-873F-1A076D422FC3}.Release|Any CPU.Build.0 = Release|Any CPU
		{31BCFC70-B767-4274-873F-1A076D422FC3}.WindowsDebug|Any CPU.ActiveCfg = Debug|Any CPU
		{31BCFC70-B767-4274-873F-1A076D422FC3}.WindowsDebug|Any CPU.Build.0 = Debug|Any CPU
		{31BCFC70-B767-4274-873F-1A076D422FC3}.WindowsRelease|Any CPU.ActiveCfg = Release|Any CPU
		{31BCFC70-B767-4274-873F-1A076D422FC3}.WindowsRelease|Any CPU.Build.0 = Release|Any CPU
		{AD41FA1E-51F5-4E4F-B7DA-32F921491313}.Debug|Any CPU.ActiveCfg = Debug|Any CPU
		{AD41FA1E-51F5-4E4F-B7DA-32F921491313}.Debug|Any CPU.Build.0 = Debug|Any CPU
		{AD41FA1E-51F5-4E4F-B7DA-32F921491313}.Release|Any CPU.ActiveCfg = Release|Any CPU
		{AD41FA1E-51F5-4E4F-B7DA-32F921491313}.Release|Any CPU.Build.0 = Release|Any CPU
		{AD41FA1E-51F5-4E4F-B7DA-32F921491313}.WindowsDebug|Any CPU.ActiveCfg = Debug|Any CPU
		{AD41FA1E-51F5-4E4F-B7DA-32F921491313}.WindowsDebug|Any CPU.Build.0 = Debug|Any CPU
		{AD41FA1E-51F5-4E4F-B7DA-32F921491313}.WindowsRelease|Any CPU.ActiveCfg = Release|Any CPU
		{AD41FA1E-51F5-4E4F-B7DA-32F921491313}.WindowsRelease|Any CPU.Build.0 = Release|Any CPU
		{714AF9EB-44E6-4058-BD3E-9039F29F4D7A}.Debug|Any CPU.ActiveCfg = Debug|Any CPU
		{714AF9EB-44E6-4058-BD3E-9039F29F4D7A}.Debug|Any CPU.Build.0 = Debug|Any CPU
		{714AF9EB-44E6-4058-BD3E-9039F29F4D7A}.Release|Any CPU.ActiveCfg = Release|Any CPU
		{714AF9EB-44E6-4058-BD3E-9039F29F4D7A}.Release|Any CPU.Build.0 = Release|Any CPU
		{714AF9EB-44E6-4058-BD3E-9039F29F4D7A}.WindowsDebug|Any CPU.ActiveCfg = Debug|Any CPU
		{714AF9EB-44E6-4058-BD3E-9039F29F4D7A}.WindowsDebug|Any CPU.Build.0 = Debug|Any CPU
		{714AF9EB-44E6-4058-BD3E-9039F29F4D7A}.WindowsRelease|Any CPU.ActiveCfg = Release|Any CPU
		{714AF9EB-44E6-4058-BD3E-9039F29F4D7A}.WindowsRelease|Any CPU.Build.0 = Release|Any CPU
		{97DC6241-1240-4A85-8035-F8404A983A82}.Debug|Any CPU.ActiveCfg = Debug|Any CPU
		{97DC6241-1240-4A85-8035-F8404A983A82}.Debug|Any CPU.Build.0 = Debug|Any CPU
		{97DC6241-1240-4A85-8035-F8404A983A82}.Release|Any CPU.ActiveCfg = Release|Any CPU
		{97DC6241-1240-4A85-8035-F8404A983A82}.Release|Any CPU.Build.0 = Release|Any CPU
		{97DC6241-1240-4A85-8035-F8404A983A82}.WindowsDebug|Any CPU.ActiveCfg = Debug|Any CPU
		{97DC6241-1240-4A85-8035-F8404A983A82}.WindowsDebug|Any CPU.Build.0 = Debug|Any CPU
		{97DC6241-1240-4A85-8035-F8404A983A82}.WindowsRelease|Any CPU.ActiveCfg = Release|Any CPU
		{97DC6241-1240-4A85-8035-F8404A983A82}.WindowsRelease|Any CPU.Build.0 = Release|Any CPU
		{5A7D9E8B-C1D2-4C5C-BE98-648C41D1F8BD}.Debug|Any CPU.ActiveCfg = Debug|Any CPU
		{5A7D9E8B-C1D2-4C5C-BE98-648C41D1F8BD}.Debug|Any CPU.Build.0 = Debug|Any CPU
		{5A7D9E8B-C1D2-4C5C-BE98-648C41D1F8BD}.Release|Any CPU.ActiveCfg = Release|Any CPU
		{5A7D9E8B-C1D2-4C5C-BE98-648C41D1F8BD}.Release|Any CPU.Build.0 = Release|Any CPU
		{5A7D9E8B-C1D2-4C5C-BE98-648C41D1F8BD}.WindowsDebug|Any CPU.ActiveCfg = Debug|Any CPU
		{5A7D9E8B-C1D2-4C5C-BE98-648C41D1F8BD}.WindowsDebug|Any CPU.Build.0 = Debug|Any CPU
		{5A7D9E8B-C1D2-4C5C-BE98-648C41D1F8BD}.WindowsRelease|Any CPU.ActiveCfg = Release|Any CPU
		{5A7D9E8B-C1D2-4C5C-BE98-648C41D1F8BD}.WindowsRelease|Any CPU.Build.0 = Release|Any CPU
		{3C840B06-A595-4FD9-9A76-56CD45B14780}.Debug|Any CPU.ActiveCfg = Debug|Any CPU
		{3C840B06-A595-4FD9-9A76-56CD45B14780}.Debug|Any CPU.Build.0 = Debug|Any CPU
		{3C840B06-A595-4FD9-9A76-56CD45B14780}.Release|Any CPU.ActiveCfg = Release|Any CPU
		{3C840B06-A595-4FD9-9A76-56CD45B14780}.Release|Any CPU.Build.0 = Release|Any CPU
		{3C840B06-A595-4FD9-9A76-56CD45B14780}.WindowsDebug|Any CPU.ActiveCfg = Debug|Any CPU
		{3C840B06-A595-4FD9-9A76-56CD45B14780}.WindowsDebug|Any CPU.Build.0 = Debug|Any CPU
		{3C840B06-A595-4FD9-9A76-56CD45B14780}.WindowsRelease|Any CPU.ActiveCfg = Release|Any CPU
		{3C840B06-A595-4FD9-9A76-56CD45B14780}.WindowsRelease|Any CPU.Build.0 = Release|Any CPU
		{03B9B82B-7DCA-4554-97AB-C98FF18FB385}.Debug|Any CPU.ActiveCfg = Debug|Any CPU
		{03B9B82B-7DCA-4554-97AB-C98FF18FB385}.Debug|Any CPU.Build.0 = Debug|Any CPU
		{03B9B82B-7DCA-4554-97AB-C98FF18FB385}.Release|Any CPU.ActiveCfg = Release|Any CPU
		{03B9B82B-7DCA-4554-97AB-C98FF18FB385}.Release|Any CPU.Build.0 = Release|Any CPU
		{03B9B82B-7DCA-4554-97AB-C98FF18FB385}.WindowsDebug|Any CPU.ActiveCfg = Debug|Any CPU
		{03B9B82B-7DCA-4554-97AB-C98FF18FB385}.WindowsDebug|Any CPU.Build.0 = Debug|Any CPU
		{03B9B82B-7DCA-4554-97AB-C98FF18FB385}.WindowsRelease|Any CPU.ActiveCfg = Release|Any CPU
		{03B9B82B-7DCA-4554-97AB-C98FF18FB385}.WindowsRelease|Any CPU.Build.0 = Release|Any CPU
		{8B984F78-4EAF-4BC0-A34E-BA3949700ED4}.Debug|Any CPU.ActiveCfg = Debug|Any CPU
		{8B984F78-4EAF-4BC0-A34E-BA3949700ED4}.Release|Any CPU.ActiveCfg = Release|Any CPU
		{8B984F78-4EAF-4BC0-A34E-BA3949700ED4}.WindowsDebug|Any CPU.ActiveCfg = Debug|Any CPU
		{8B984F78-4EAF-4BC0-A34E-BA3949700ED4}.WindowsDebug|Any CPU.Build.0 = Debug|Any CPU
		{8B984F78-4EAF-4BC0-A34E-BA3949700ED4}.WindowsRelease|Any CPU.ActiveCfg = Release|Any CPU
		{8B984F78-4EAF-4BC0-A34E-BA3949700ED4}.WindowsRelease|Any CPU.Build.0 = Release|Any CPU
		{E0391B02-16D5-4B49-9C33-349B25717011}.Debug|Any CPU.ActiveCfg = Debug|Any CPU
		{E0391B02-16D5-4B49-9C33-349B25717011}.Release|Any CPU.ActiveCfg = Release|Any CPU
		{E0391B02-16D5-4B49-9C33-349B25717011}.WindowsDebug|Any CPU.ActiveCfg = Debug|Any CPU
		{E0391B02-16D5-4B49-9C33-349B25717011}.WindowsDebug|Any CPU.Build.0 = Debug|Any CPU
		{E0391B02-16D5-4B49-9C33-349B25717011}.WindowsRelease|Any CPU.ActiveCfg = Release|Any CPU
		{E0391B02-16D5-4B49-9C33-349B25717011}.WindowsRelease|Any CPU.Build.0 = Release|Any CPU
	EndGlobalSection
	GlobalSection(SolutionProperties) = preSolution
		HideSolutionNode = FALSE
	EndGlobalSection
	GlobalSection(NestedProjects) = preSolution
		{28F06D44-AB25-4CF5-93F9-978C23FAA9D6} = {A7FC1234-95E3-4496-B5F7-4306F41E6A0E}
		{31BCFC70-B767-4274-873F-1A076D422FC3} = {A7FC1234-95E3-4496-B5F7-4306F41E6A0E}
		{AD41FA1E-51F5-4E4F-B7DA-32F921491313} = {4B305AC9-153F-4EA3-822F-3E5023BABAF1}
		{714AF9EB-44E6-4058-BD3E-9039F29F4D7A} = {A7FC1234-95E3-4496-B5F7-4306F41E6A0E}
		{97DC6241-1240-4A85-8035-F8404A983A82} = {4B305AC9-153F-4EA3-822F-3E5023BABAF1}
		{A7FC1234-95E3-4496-B5F7-4306F41E6A0E} = {A9C4E7AA-8004-4EED-B8E0-33A365AEF3D1}
		{4B305AC9-153F-4EA3-822F-3E5023BABAF1} = {A9C4E7AA-8004-4EED-B8E0-33A365AEF3D1}
		{1229E443-E66C-402F-8AA4-5AE6A207D3C7} = {66722747-1B61-40E4-A89B-1AC8E6D62EA9}
		{DD8B847B-286B-4928-867B-E09C6C90DA1F} = {66722747-1B61-40E4-A89B-1AC8E6D62EA9}
		{5A7D9E8B-C1D2-4C5C-BE98-648C41D1F8BD} = {4B305AC9-153F-4EA3-822F-3E5023BABAF1}
		{3C840B06-A595-4FD9-9A76-56CD45B14780} = {A7FC1234-95E3-4496-B5F7-4306F41E6A0E}
		{03B9B82B-7DCA-4554-97AB-C98FF18FB385} = {4B305AC9-153F-4EA3-822F-3E5023BABAF1}
		{8B984F78-4EAF-4BC0-A34E-BA3949700ED4} = {1229E443-E66C-402F-8AA4-5AE6A207D3C7}
		{E0391B02-16D5-4B49-9C33-349B25717011} = {DD8B847B-286B-4928-867B-E09C6C90DA1F}
	EndGlobalSection
	GlobalSection(ExtensibilityGlobals) = postSolution
		SolutionGuid = {0EF9FC65-E6BA-45D4-A455-262A9EA4366B}
	EndGlobalSection
EndGlobal
