
Microsoft Visual Studio Solution File, Format Version 12.00
# Visual Studio Version 16
VisualStudioVersion = 16.0.29927.169
MinimumVisualStudioVersion = 10.0.40219.1
Project("{2150E333-8FDC-42A3-9474-1A3956D46DE8}") = "src", "src", "{A7FC1234-95E3-4496-B5F7-4306F41E6A0E}"
EndProject
Project("{9A19103F-16F7-4668-BE54-9A1E7A4F7556}") = "Git-Credential-Manager", "src\shared\Git-Credential-Manager\Git-Credential-Manager.csproj", "{28F06D44-AB25-4CF5-93F9-978C23FAA9D6}"
EndProject
Project("{9A19103F-16F7-4668-BE54-9A1E7A4F7556}") = "Core", "src\shared\Core\Core.csproj", "{31BCFC70-B767-4274-873F-1A076D422FC3}"
EndProject
Project("{9A19103F-16F7-4668-BE54-9A1E7A4F7556}") = "Core.Tests", "src\shared\Core.Tests\Core.Tests.csproj", "{AD41FA1E-51F5-4E4F-B7DA-32F921491313}"
EndProject
Project("{9A19103F-16F7-4668-BE54-9A1E7A4F7556}") = "Microsoft.AzureRepos", "src\shared\Microsoft.AzureRepos\Microsoft.AzureRepos.csproj", "{714AF9EB-44E6-4058-BD3E-9039F29F4D7A}"
EndProject
Project("{9A19103F-16F7-4668-BE54-9A1E7A4F7556}") = "Microsoft.AzureRepos.Tests", "src\shared\Microsoft.AzureRepos.Tests\Microsoft.AzureRepos.Tests.csproj", "{97DC6241-1240-4A85-8035-F8404A983A82}"
EndProject
Project("{2150E333-8FDC-42A3-9474-1A3956D46DE8}") = "windows", "windows", "{66722747-1B61-40E4-A89B-1AC8E6D62EA9}"
EndProject
Project("{9A19103F-16F7-4668-BE54-9A1E7A4F7556}") = "TestInfrastructure", "src\shared\TestInfrastructure\TestInfrastructure.csproj", "{5A7D9E8B-C1D2-4C5C-BE98-648C41D1F8BD}"
EndProject
Project("{9A19103F-16F7-4668-BE54-9A1E7A4F7556}") = "GitHub", "src\shared\GitHub\GitHub.csproj", "{3C840B06-A595-4FD9-9A76-56CD45B14780}"
EndProject
Project("{2150E333-8FDC-42A3-9474-1A3956D46DE8}") = "shared", "shared", "{D5277A0E-997E-453A-8CB9-4EFCC8B16A29}"
EndProject
Project("{9A19103F-16F7-4668-BE54-9A1E7A4F7556}") = "GitHub.Tests", "src\shared\GitHub.Tests\GitHub.Tests.csproj", "{3E524EA8-D31A-4394-997C-14B522E3D6FD}"
EndProject
Project("{2150E333-8FDC-42A3-9474-1A3956D46DE8}") = "osx", "osx", "{3D279E2D-E011-45CF-8EA8-3D71D1300443}"
EndProject
Project("{9A19103F-16F7-4668-BE54-9A1E7A4F7556}") = "Installer.Mac", "src\osx\Installer.Mac\Installer.Mac.csproj", "{74FA0AA4-B5C1-4F3B-B182-277FC2D50715}"
EndProject
Project("{9A19103F-16F7-4668-BE54-9A1E7A4F7556}") = "Installer.Windows", "src\windows\Installer.Windows\Installer.Windows.csproj", "{85903170-9E52-4B53-A6E4-3F416F684FAE}"
EndProject
Project("{FAE04EC0-301F-11D3-BF4B-00C04F79EFBC}") = "Atlassian.Bitbucket", "src\shared\Atlassian.Bitbucket\Atlassian.Bitbucket.csproj", "{B49881A6-E734-490E-8EA7-FB0D9E296CFB}"
EndProject
Project("{FAE04EC0-301F-11D3-BF4B-00C04F79EFBC}") = "Atlassian.Bitbucket.Tests", "src\shared\Atlassian.Bitbucket.Tests\Atlassian.Bitbucket.Tests.csproj", "{025E5329-A0B1-4BA9-9203-B70B44A5F9E0}"
EndProject
Project("{FAE04EC0-301F-11D3-BF4B-00C04F79EFBC}") = "Core.UI.Windows", "src\windows\Core.UI.Windows\Core.UI.Windows.csproj", "{2B3CD8FF-84A6-4B53-A28B-D7A75B0AB4D7}"
EndProject
Project("{FAE04EC0-301F-11D3-BF4B-00C04F79EFBC}") = "Packaging.Linux", "src\linux\Packaging.Linux\Packaging.Linux.csproj", "{AD2A935F-3720-4802-8119-6A9B35B254DF}"
EndProject
Project("{2150E333-8FDC-42A3-9474-1A3956D46DE8}") = "linux", "linux", "{8F9D7E67-7DD7-4E32-9134-423281AF00E9}"
EndProject
Project("{FAE04EC0-301F-11D3-BF4B-00C04F79EFBC}") = "GitHub.UI", "src\shared\GitHub.UI\GitHub.UI.csproj", "{B5F00B46-FE93-45F2-B283-52B74B3E13B9}"
EndProject
Project("{FAE04EC0-301F-11D3-BF4B-00C04F79EFBC}") = "Atlassian.Bitbucket.UI", "src\shared\Atlassian.Bitbucket.UI\Atlassian.Bitbucket.UI.csproj", "{EB1AA840-6FFF-4464-A9B2-0AEA36F615EA}"
EndProject
Project("{FAE04EC0-301F-11D3-BF4B-00C04F79EFBC}") = "Core.UI", "src\shared\Core.UI\Core.UI.csproj", "{001846B0-462B-4A27-90CD-2435D4C0F680}"
EndProject
Project("{FAE04EC0-301F-11D3-BF4B-00C04F79EFBC}") = "Core.UI.Avalonia", "src\shared\Core.UI.Avalonia\Core.UI.Avalonia.csproj", "{DE620324-250C-4262-BA13-198FA6FDB82A}"
EndProject
Project("{FAE04EC0-301F-11D3-BF4B-00C04F79EFBC}") = "GitHub.UI.Avalonia", "src\shared\GitHub.UI.Avalonia\GitHub.UI.Avalonia.csproj", "{459501A8-31E6-41CB-BE54-D31FFF4B2007}"
EndProject
Project("{FAE04EC0-301F-11D3-BF4B-00C04F79EFBC}") = "Atlassian.Bitbucket.UI.Avalonia", "src\shared\Atlassian.Bitbucket.UI.Avalonia\Atlassian.Bitbucket.UI.Avalonia.csproj", "{714ACBE7-0C69-4D8A-9224-22792CAA8264}"
EndProject
Project("{FAE04EC0-301F-11D3-BF4B-00C04F79EFBC}") = "GitHub.UI.Windows", "src\windows\GitHub.UI.Windows\GitHub.UI.Windows.csproj", "{0A86ED89-1FC5-42AA-925C-4578FA30607A}"
EndProject
Project("{FAE04EC0-301F-11D3-BF4B-00C04F79EFBC}") = "Atlassian.Bitbucket.UI.Windows", "src\windows\Atlassian.Bitbucket.UI.Windows\Atlassian.Bitbucket.UI.Windows.csproj", "{3F015046-DAF2-4D2A-96EC-F9782F169E45}"
EndProject
Project("{FAE04EC0-301F-11D3-BF4B-00C04F79EFBC}") = "GitLab", "src\shared\GitLab\GitLab.csproj", "{570897DC-A85C-4598-B793-9A00CF710119}"
EndProject
Project("{FAE04EC0-301F-11D3-BF4B-00C04F79EFBC}") = "GitLab.Tests", "src\shared\GitLab.Tests\GitLab.Tests.csproj", "{1AF9F7C5-FA2E-48F1-B216-4D5E9A27F393}"
EndProject
Project("{FAE04EC0-301F-11D3-BF4B-00C04F79EFBC}") = "GitLab.UI", "src\shared\GitLab.UI\GitLab.UI.csproj", "{9AFD88E2-7E2C-46DA-9D38-4342086426D3}"
EndProject
Project("{FAE04EC0-301F-11D3-BF4B-00C04F79EFBC}") = "GitLab.UI.Avalonia", "src\shared\GitLab.UI.Avalonia\GitLab.UI.Avalonia.csproj", "{47186A50-8889-4FC7-8A05-F9FCE7F8F4AE}"
EndProject
Project("{FAE04EC0-301F-11D3-BF4B-00C04F79EFBC}") = "GitLab.UI.Windows", "src\windows\GitLab.UI.Windows\GitLab.UI.Windows.csproj", "{83EAC1F9-8E1F-41FC-8FC9-2C452452D64E}"
EndProject
Project("{FAE04EC0-301F-11D3-BF4B-00C04F79EFBC}") = "Git-Credential-Manager.UI.Avalonia", "src\shared\Git-Credential-Manager.UI.Avalonia\Git-Credential-Manager.UI.Avalonia.csproj", "{35659127-8859-4DB9-8DD6-A08C1952632E}"
EndProject
Project("{FAE04EC0-301F-11D3-BF4B-00C04F79EFBC}") = "Git-Credential-Manager.UI.Windows", "src\windows\Git-Credential-Manager.UI.Windows\Git-Credential-Manager.UI.Windows.csproj", "{01BF56EC-AAC1-4BCA-8204-EE51D968DF5C}"
EndProject
Global
	GlobalSection(SolutionConfigurationPlatforms) = preSolution
		Debug|Any CPU = Debug|Any CPU
		MacDebug|Any CPU = MacDebug|Any CPU
		MacRelease|Any CPU = MacRelease|Any CPU
		Release|Any CPU = Release|Any CPU
		WindowsDebug|Any CPU = WindowsDebug|Any CPU
		WindowsRelease|Any CPU = WindowsRelease|Any CPU
		LinuxDebug|Any CPU = LinuxDebug|Any CPU
		LinuxRelease|Any CPU = LinuxRelease|Any CPU
	EndGlobalSection
	GlobalSection(ProjectConfigurationPlatforms) = postSolution
		{28F06D44-AB25-4CF5-93F9-978C23FAA9D6}.Debug|Any CPU.ActiveCfg = Debug|Any CPU
		{28F06D44-AB25-4CF5-93F9-978C23FAA9D6}.Debug|Any CPU.Build.0 = Debug|Any CPU
		{28F06D44-AB25-4CF5-93F9-978C23FAA9D6}.MacDebug|Any CPU.ActiveCfg = Debug|Any CPU
		{28F06D44-AB25-4CF5-93F9-978C23FAA9D6}.MacDebug|Any CPU.Build.0 = Debug|Any CPU
		{28F06D44-AB25-4CF5-93F9-978C23FAA9D6}.MacRelease|Any CPU.ActiveCfg = Release|Any CPU
		{28F06D44-AB25-4CF5-93F9-978C23FAA9D6}.MacRelease|Any CPU.Build.0 = Release|Any CPU
		{28F06D44-AB25-4CF5-93F9-978C23FAA9D6}.Release|Any CPU.ActiveCfg = Release|Any CPU
		{28F06D44-AB25-4CF5-93F9-978C23FAA9D6}.Release|Any CPU.Build.0 = Release|Any CPU
		{28F06D44-AB25-4CF5-93F9-978C23FAA9D6}.WindowsDebug|Any CPU.ActiveCfg = Debug|Any CPU
		{28F06D44-AB25-4CF5-93F9-978C23FAA9D6}.WindowsDebug|Any CPU.Build.0 = Debug|Any CPU
		{28F06D44-AB25-4CF5-93F9-978C23FAA9D6}.WindowsRelease|Any CPU.ActiveCfg = Release|Any CPU
		{28F06D44-AB25-4CF5-93F9-978C23FAA9D6}.WindowsRelease|Any CPU.Build.0 = Release|Any CPU
		{28F06D44-AB25-4CF5-93F9-978C23FAA9D6}.LinuxDebug|Any CPU.ActiveCfg = Debug|Any CPU
		{28F06D44-AB25-4CF5-93F9-978C23FAA9D6}.LinuxDebug|Any CPU.Build.0 = Debug|Any CPU
		{28F06D44-AB25-4CF5-93F9-978C23FAA9D6}.LinuxRelease|Any CPU.ActiveCfg = Release|Any CPU
		{28F06D44-AB25-4CF5-93F9-978C23FAA9D6}.LinuxRelease|Any CPU.Build.0 = Release|Any CPU
		{31BCFC70-B767-4274-873F-1A076D422FC3}.Debug|Any CPU.ActiveCfg = Debug|Any CPU
		{31BCFC70-B767-4274-873F-1A076D422FC3}.Debug|Any CPU.Build.0 = Debug|Any CPU
		{31BCFC70-B767-4274-873F-1A076D422FC3}.MacDebug|Any CPU.ActiveCfg = Debug|Any CPU
		{31BCFC70-B767-4274-873F-1A076D422FC3}.MacDebug|Any CPU.Build.0 = Debug|Any CPU
		{31BCFC70-B767-4274-873F-1A076D422FC3}.MacRelease|Any CPU.ActiveCfg = Release|Any CPU
		{31BCFC70-B767-4274-873F-1A076D422FC3}.MacRelease|Any CPU.Build.0 = Release|Any CPU
		{31BCFC70-B767-4274-873F-1A076D422FC3}.Release|Any CPU.ActiveCfg = Release|Any CPU
		{31BCFC70-B767-4274-873F-1A076D422FC3}.Release|Any CPU.Build.0 = Release|Any CPU
		{31BCFC70-B767-4274-873F-1A076D422FC3}.WindowsDebug|Any CPU.ActiveCfg = Debug|Any CPU
		{31BCFC70-B767-4274-873F-1A076D422FC3}.WindowsDebug|Any CPU.Build.0 = Debug|Any CPU
		{31BCFC70-B767-4274-873F-1A076D422FC3}.WindowsRelease|Any CPU.ActiveCfg = Release|Any CPU
		{31BCFC70-B767-4274-873F-1A076D422FC3}.WindowsRelease|Any CPU.Build.0 = Release|Any CPU
		{31BCFC70-B767-4274-873F-1A076D422FC3}.LinuxDebug|Any CPU.ActiveCfg = Debug|Any CPU
		{31BCFC70-B767-4274-873F-1A076D422FC3}.LinuxDebug|Any CPU.Build.0 = Debug|Any CPU
		{31BCFC70-B767-4274-873F-1A076D422FC3}.LinuxRelease|Any CPU.ActiveCfg = Release|Any CPU
		{31BCFC70-B767-4274-873F-1A076D422FC3}.LinuxRelease|Any CPU.Build.0 = Release|Any CPU
		{AD41FA1E-51F5-4E4F-B7DA-32F921491313}.Debug|Any CPU.ActiveCfg = Debug|Any CPU
		{AD41FA1E-51F5-4E4F-B7DA-32F921491313}.Debug|Any CPU.Build.0 = Debug|Any CPU
		{AD41FA1E-51F5-4E4F-B7DA-32F921491313}.MacDebug|Any CPU.ActiveCfg = Debug|Any CPU
		{AD41FA1E-51F5-4E4F-B7DA-32F921491313}.MacDebug|Any CPU.Build.0 = Debug|Any CPU
		{AD41FA1E-51F5-4E4F-B7DA-32F921491313}.MacRelease|Any CPU.ActiveCfg = Release|Any CPU
		{AD41FA1E-51F5-4E4F-B7DA-32F921491313}.MacRelease|Any CPU.Build.0 = Release|Any CPU
		{AD41FA1E-51F5-4E4F-B7DA-32F921491313}.Release|Any CPU.ActiveCfg = Release|Any CPU
		{AD41FA1E-51F5-4E4F-B7DA-32F921491313}.Release|Any CPU.Build.0 = Release|Any CPU
		{AD41FA1E-51F5-4E4F-B7DA-32F921491313}.WindowsDebug|Any CPU.ActiveCfg = Debug|Any CPU
		{AD41FA1E-51F5-4E4F-B7DA-32F921491313}.WindowsDebug|Any CPU.Build.0 = Debug|Any CPU
		{AD41FA1E-51F5-4E4F-B7DA-32F921491313}.WindowsRelease|Any CPU.ActiveCfg = Release|Any CPU
		{AD41FA1E-51F5-4E4F-B7DA-32F921491313}.WindowsRelease|Any CPU.Build.0 = Release|Any CPU
		{AD41FA1E-51F5-4E4F-B7DA-32F921491313}.LinuxDebug|Any CPU.ActiveCfg = Debug|Any CPU
		{AD41FA1E-51F5-4E4F-B7DA-32F921491313}.LinuxDebug|Any CPU.Build.0 = Debug|Any CPU
		{AD41FA1E-51F5-4E4F-B7DA-32F921491313}.LinuxRelease|Any CPU.ActiveCfg = Release|Any CPU
		{AD41FA1E-51F5-4E4F-B7DA-32F921491313}.LinuxRelease|Any CPU.Build.0 = Release|Any CPU
		{714AF9EB-44E6-4058-BD3E-9039F29F4D7A}.Debug|Any CPU.ActiveCfg = Debug|Any CPU
		{714AF9EB-44E6-4058-BD3E-9039F29F4D7A}.Debug|Any CPU.Build.0 = Debug|Any CPU
		{714AF9EB-44E6-4058-BD3E-9039F29F4D7A}.MacDebug|Any CPU.ActiveCfg = Debug|Any CPU
		{714AF9EB-44E6-4058-BD3E-9039F29F4D7A}.MacDebug|Any CPU.Build.0 = Debug|Any CPU
		{714AF9EB-44E6-4058-BD3E-9039F29F4D7A}.MacRelease|Any CPU.ActiveCfg = Release|Any CPU
		{714AF9EB-44E6-4058-BD3E-9039F29F4D7A}.MacRelease|Any CPU.Build.0 = Release|Any CPU
		{714AF9EB-44E6-4058-BD3E-9039F29F4D7A}.Release|Any CPU.ActiveCfg = Release|Any CPU
		{714AF9EB-44E6-4058-BD3E-9039F29F4D7A}.Release|Any CPU.Build.0 = Release|Any CPU
		{714AF9EB-44E6-4058-BD3E-9039F29F4D7A}.WindowsDebug|Any CPU.ActiveCfg = Debug|Any CPU
		{714AF9EB-44E6-4058-BD3E-9039F29F4D7A}.WindowsDebug|Any CPU.Build.0 = Debug|Any CPU
		{714AF9EB-44E6-4058-BD3E-9039F29F4D7A}.WindowsRelease|Any CPU.ActiveCfg = Release|Any CPU
		{714AF9EB-44E6-4058-BD3E-9039F29F4D7A}.WindowsRelease|Any CPU.Build.0 = Release|Any CPU
		{714AF9EB-44E6-4058-BD3E-9039F29F4D7A}.LinuxDebug|Any CPU.ActiveCfg = Debug|Any CPU
		{714AF9EB-44E6-4058-BD3E-9039F29F4D7A}.LinuxDebug|Any CPU.Build.0 = Debug|Any CPU
		{714AF9EB-44E6-4058-BD3E-9039F29F4D7A}.LinuxRelease|Any CPU.ActiveCfg = Release|Any CPU
		{714AF9EB-44E6-4058-BD3E-9039F29F4D7A}.LinuxRelease|Any CPU.Build.0 = Release|Any CPU
		{97DC6241-1240-4A85-8035-F8404A983A82}.Debug|Any CPU.ActiveCfg = Debug|Any CPU
		{97DC6241-1240-4A85-8035-F8404A983A82}.Debug|Any CPU.Build.0 = Debug|Any CPU
		{97DC6241-1240-4A85-8035-F8404A983A82}.MacDebug|Any CPU.ActiveCfg = Debug|Any CPU
		{97DC6241-1240-4A85-8035-F8404A983A82}.MacDebug|Any CPU.Build.0 = Debug|Any CPU
		{97DC6241-1240-4A85-8035-F8404A983A82}.MacRelease|Any CPU.ActiveCfg = Release|Any CPU
		{97DC6241-1240-4A85-8035-F8404A983A82}.MacRelease|Any CPU.Build.0 = Release|Any CPU
		{97DC6241-1240-4A85-8035-F8404A983A82}.Release|Any CPU.ActiveCfg = Release|Any CPU
		{97DC6241-1240-4A85-8035-F8404A983A82}.Release|Any CPU.Build.0 = Release|Any CPU
		{97DC6241-1240-4A85-8035-F8404A983A82}.WindowsDebug|Any CPU.ActiveCfg = Debug|Any CPU
		{97DC6241-1240-4A85-8035-F8404A983A82}.WindowsDebug|Any CPU.Build.0 = Debug|Any CPU
		{97DC6241-1240-4A85-8035-F8404A983A82}.WindowsRelease|Any CPU.ActiveCfg = Release|Any CPU
		{97DC6241-1240-4A85-8035-F8404A983A82}.WindowsRelease|Any CPU.Build.0 = Release|Any CPU
		{97DC6241-1240-4A85-8035-F8404A983A82}.LinuxDebug|Any CPU.ActiveCfg = Debug|Any CPU
		{97DC6241-1240-4A85-8035-F8404A983A82}.LinuxDebug|Any CPU.Build.0 = Debug|Any CPU
		{97DC6241-1240-4A85-8035-F8404A983A82}.LinuxRelease|Any CPU.ActiveCfg = Release|Any CPU
		{97DC6241-1240-4A85-8035-F8404A983A82}.LinuxRelease|Any CPU.Build.0 = Release|Any CPU
		{5A7D9E8B-C1D2-4C5C-BE98-648C41D1F8BD}.Debug|Any CPU.ActiveCfg = Debug|Any CPU
		{5A7D9E8B-C1D2-4C5C-BE98-648C41D1F8BD}.Debug|Any CPU.Build.0 = Debug|Any CPU
		{5A7D9E8B-C1D2-4C5C-BE98-648C41D1F8BD}.MacDebug|Any CPU.ActiveCfg = Debug|Any CPU
		{5A7D9E8B-C1D2-4C5C-BE98-648C41D1F8BD}.MacDebug|Any CPU.Build.0 = Debug|Any CPU
		{5A7D9E8B-C1D2-4C5C-BE98-648C41D1F8BD}.MacRelease|Any CPU.ActiveCfg = Release|Any CPU
		{5A7D9E8B-C1D2-4C5C-BE98-648C41D1F8BD}.MacRelease|Any CPU.Build.0 = Release|Any CPU
		{5A7D9E8B-C1D2-4C5C-BE98-648C41D1F8BD}.Release|Any CPU.ActiveCfg = Release|Any CPU
		{5A7D9E8B-C1D2-4C5C-BE98-648C41D1F8BD}.Release|Any CPU.Build.0 = Release|Any CPU
		{5A7D9E8B-C1D2-4C5C-BE98-648C41D1F8BD}.WindowsDebug|Any CPU.ActiveCfg = Debug|Any CPU
		{5A7D9E8B-C1D2-4C5C-BE98-648C41D1F8BD}.WindowsDebug|Any CPU.Build.0 = Debug|Any CPU
		{5A7D9E8B-C1D2-4C5C-BE98-648C41D1F8BD}.WindowsRelease|Any CPU.ActiveCfg = Release|Any CPU
		{5A7D9E8B-C1D2-4C5C-BE98-648C41D1F8BD}.WindowsRelease|Any CPU.Build.0 = Release|Any CPU
		{5A7D9E8B-C1D2-4C5C-BE98-648C41D1F8BD}.LinuxDebug|Any CPU.ActiveCfg = Debug|Any CPU
		{5A7D9E8B-C1D2-4C5C-BE98-648C41D1F8BD}.LinuxDebug|Any CPU.Build.0 = Debug|Any CPU
		{5A7D9E8B-C1D2-4C5C-BE98-648C41D1F8BD}.LinuxRelease|Any CPU.ActiveCfg = Release|Any CPU
		{5A7D9E8B-C1D2-4C5C-BE98-648C41D1F8BD}.LinuxRelease|Any CPU.Build.0 = Release|Any CPU
		{3C840B06-A595-4FD9-9A76-56CD45B14780}.Debug|Any CPU.ActiveCfg = Debug|Any CPU
		{3C840B06-A595-4FD9-9A76-56CD45B14780}.Debug|Any CPU.Build.0 = Debug|Any CPU
		{3C840B06-A595-4FD9-9A76-56CD45B14780}.MacDebug|Any CPU.ActiveCfg = Debug|Any CPU
		{3C840B06-A595-4FD9-9A76-56CD45B14780}.MacDebug|Any CPU.Build.0 = Debug|Any CPU
		{3C840B06-A595-4FD9-9A76-56CD45B14780}.MacRelease|Any CPU.ActiveCfg = Release|Any CPU
		{3C840B06-A595-4FD9-9A76-56CD45B14780}.MacRelease|Any CPU.Build.0 = Release|Any CPU
		{3C840B06-A595-4FD9-9A76-56CD45B14780}.Release|Any CPU.ActiveCfg = Release|Any CPU
		{3C840B06-A595-4FD9-9A76-56CD45B14780}.Release|Any CPU.Build.0 = Release|Any CPU
		{3C840B06-A595-4FD9-9A76-56CD45B14780}.WindowsDebug|Any CPU.ActiveCfg = Debug|Any CPU
		{3C840B06-A595-4FD9-9A76-56CD45B14780}.WindowsDebug|Any CPU.Build.0 = Debug|Any CPU
		{3C840B06-A595-4FD9-9A76-56CD45B14780}.WindowsRelease|Any CPU.ActiveCfg = Release|Any CPU
		{3C840B06-A595-4FD9-9A76-56CD45B14780}.WindowsRelease|Any CPU.Build.0 = Release|Any CPU
		{3C840B06-A595-4FD9-9A76-56CD45B14780}.LinuxDebug|Any CPU.ActiveCfg = Debug|Any CPU
		{3C840B06-A595-4FD9-9A76-56CD45B14780}.LinuxDebug|Any CPU.Build.0 = Debug|Any CPU
		{3C840B06-A595-4FD9-9A76-56CD45B14780}.LinuxRelease|Any CPU.ActiveCfg = Release|Any CPU
		{3C840B06-A595-4FD9-9A76-56CD45B14780}.LinuxRelease|Any CPU.Build.0 = Release|Any CPU
		{3E524EA8-D31A-4394-997C-14B522E3D6FD}.Debug|Any CPU.ActiveCfg = Debug|Any CPU
		{3E524EA8-D31A-4394-997C-14B522E3D6FD}.Debug|Any CPU.Build.0 = Debug|Any CPU
		{3E524EA8-D31A-4394-997C-14B522E3D6FD}.MacDebug|Any CPU.ActiveCfg = Debug|Any CPU
		{3E524EA8-D31A-4394-997C-14B522E3D6FD}.MacDebug|Any CPU.Build.0 = Debug|Any CPU
		{3E524EA8-D31A-4394-997C-14B522E3D6FD}.MacRelease|Any CPU.ActiveCfg = Release|Any CPU
		{3E524EA8-D31A-4394-997C-14B522E3D6FD}.MacRelease|Any CPU.Build.0 = Release|Any CPU
		{3E524EA8-D31A-4394-997C-14B522E3D6FD}.Release|Any CPU.ActiveCfg = Release|Any CPU
		{3E524EA8-D31A-4394-997C-14B522E3D6FD}.Release|Any CPU.Build.0 = Release|Any CPU
		{3E524EA8-D31A-4394-997C-14B522E3D6FD}.WindowsDebug|Any CPU.ActiveCfg = Debug|Any CPU
		{3E524EA8-D31A-4394-997C-14B522E3D6FD}.WindowsDebug|Any CPU.Build.0 = Debug|Any CPU
		{3E524EA8-D31A-4394-997C-14B522E3D6FD}.WindowsRelease|Any CPU.ActiveCfg = Release|Any CPU
		{3E524EA8-D31A-4394-997C-14B522E3D6FD}.WindowsRelease|Any CPU.Build.0 = Release|Any CPU
		{3E524EA8-D31A-4394-997C-14B522E3D6FD}.LinuxDebug|Any CPU.ActiveCfg = Debug|Any CPU
		{3E524EA8-D31A-4394-997C-14B522E3D6FD}.LinuxDebug|Any CPU.Build.0 = Debug|Any CPU
		{3E524EA8-D31A-4394-997C-14B522E3D6FD}.LinuxRelease|Any CPU.ActiveCfg = Release|Any CPU
		{3E524EA8-D31A-4394-997C-14B522E3D6FD}.LinuxRelease|Any CPU.Build.0 = Release|Any CPU
		{74FA0AA4-B5C1-4F3B-B182-277FC2D50715}.Debug|Any CPU.ActiveCfg = Debug|Any CPU
		{74FA0AA4-B5C1-4F3B-B182-277FC2D50715}.MacDebug|Any CPU.ActiveCfg = Debug|Any CPU
		{74FA0AA4-B5C1-4F3B-B182-277FC2D50715}.MacDebug|Any CPU.Build.0 = Debug|Any CPU
		{74FA0AA4-B5C1-4F3B-B182-277FC2D50715}.MacRelease|Any CPU.ActiveCfg = Release|Any CPU
		{74FA0AA4-B5C1-4F3B-B182-277FC2D50715}.MacRelease|Any CPU.Build.0 = Release|Any CPU
		{74FA0AA4-B5C1-4F3B-B182-277FC2D50715}.Release|Any CPU.ActiveCfg = Release|Any CPU
		{74FA0AA4-B5C1-4F3B-B182-277FC2D50715}.WindowsDebug|Any CPU.ActiveCfg = Debug|Any CPU
		{74FA0AA4-B5C1-4F3B-B182-277FC2D50715}.WindowsRelease|Any CPU.ActiveCfg = Release|Any CPU
		{74FA0AA4-B5C1-4F3B-B182-277FC2D50715}.LinuxDebug|Any CPU.ActiveCfg = Debug|Any CPU
		{74FA0AA4-B5C1-4F3B-B182-277FC2D50715}.LinuxRelease|Any CPU.ActiveCfg = Release|Any CPU
		{85903170-9E52-4B53-A6E4-3F416F684FAE}.Debug|Any CPU.ActiveCfg = Debug|Any CPU
		{85903170-9E52-4B53-A6E4-3F416F684FAE}.MacDebug|Any CPU.ActiveCfg = Debug|Any CPU
		{85903170-9E52-4B53-A6E4-3F416F684FAE}.MacRelease|Any CPU.ActiveCfg = Release|Any CPU
		{85903170-9E52-4B53-A6E4-3F416F684FAE}.Release|Any CPU.ActiveCfg = Release|Any CPU
		{85903170-9E52-4B53-A6E4-3F416F684FAE}.WindowsDebug|Any CPU.ActiveCfg = Debug|Any CPU
		{85903170-9E52-4B53-A6E4-3F416F684FAE}.WindowsDebug|Any CPU.Build.0 = Debug|Any CPU
		{85903170-9E52-4B53-A6E4-3F416F684FAE}.WindowsRelease|Any CPU.ActiveCfg = Release|Any CPU
		{85903170-9E52-4B53-A6E4-3F416F684FAE}.WindowsRelease|Any CPU.Build.0 = Release|Any CPU
		{85903170-9E52-4B53-A6E4-3F416F684FAE}.LinuxDebug|Any CPU.ActiveCfg = Debug|Any CPU
		{85903170-9E52-4B53-A6E4-3F416F684FAE}.LinuxRelease|Any CPU.ActiveCfg = Release|Any CPU
		{B49881A6-E734-490E-8EA7-FB0D9E296CFB}.Debug|Any CPU.ActiveCfg = Debug|Any CPU
		{B49881A6-E734-490E-8EA7-FB0D9E296CFB}.Debug|Any CPU.Build.0 = Debug|Any CPU
		{B49881A6-E734-490E-8EA7-FB0D9E296CFB}.Release|Any CPU.ActiveCfg = Release|Any CPU
		{B49881A6-E734-490E-8EA7-FB0D9E296CFB}.Release|Any CPU.Build.0 = Release|Any CPU
		{B49881A6-E734-490E-8EA7-FB0D9E296CFB}.WindowsDebug|Any CPU.ActiveCfg = Debug|Any CPU
		{B49881A6-E734-490E-8EA7-FB0D9E296CFB}.WindowsDebug|Any CPU.Build.0 = Debug|Any CPU
		{B49881A6-E734-490E-8EA7-FB0D9E296CFB}.MacDebug|Any CPU.ActiveCfg = Debug|Any CPU
		{B49881A6-E734-490E-8EA7-FB0D9E296CFB}.MacDebug|Any CPU.Build.0 = Debug|Any CPU
		{B49881A6-E734-490E-8EA7-FB0D9E296CFB}.LinuxDebug|Any CPU.ActiveCfg = Debug|Any CPU
		{B49881A6-E734-490E-8EA7-FB0D9E296CFB}.LinuxDebug|Any CPU.Build.0 = Debug|Any CPU
		{B49881A6-E734-490E-8EA7-FB0D9E296CFB}.LinuxRelease|Any CPU.ActiveCfg = Release|Any CPU
		{B49881A6-E734-490E-8EA7-FB0D9E296CFB}.LinuxRelease|Any CPU.Build.0 = Release|Any CPU
		{B49881A6-E734-490E-8EA7-FB0D9E296CFB}.MacRelease|Any CPU.ActiveCfg = Release|Any CPU
		{B49881A6-E734-490E-8EA7-FB0D9E296CFB}.MacRelease|Any CPU.Build.0 = Release|Any CPU
		{B49881A6-E734-490E-8EA7-FB0D9E296CFB}.WindowsRelease|Any CPU.ActiveCfg = Release|Any CPU
		{B49881A6-E734-490E-8EA7-FB0D9E296CFB}.WindowsRelease|Any CPU.Build.0 = Release|Any CPU
		{025E5329-A0B1-4BA9-9203-B70B44A5F9E0}.Debug|Any CPU.ActiveCfg = Debug|Any CPU
		{025E5329-A0B1-4BA9-9203-B70B44A5F9E0}.Debug|Any CPU.Build.0 = Debug|Any CPU
		{025E5329-A0B1-4BA9-9203-B70B44A5F9E0}.Release|Any CPU.ActiveCfg = Release|Any CPU
		{025E5329-A0B1-4BA9-9203-B70B44A5F9E0}.Release|Any CPU.Build.0 = Release|Any CPU
		{025E5329-A0B1-4BA9-9203-B70B44A5F9E0}.WindowsDebug|Any CPU.ActiveCfg = Debug|Any CPU
		{025E5329-A0B1-4BA9-9203-B70B44A5F9E0}.WindowsDebug|Any CPU.Build.0 = Debug|Any CPU
		{025E5329-A0B1-4BA9-9203-B70B44A5F9E0}.MacDebug|Any CPU.ActiveCfg = Debug|Any CPU
		{025E5329-A0B1-4BA9-9203-B70B44A5F9E0}.MacDebug|Any CPU.Build.0 = Debug|Any CPU
		{025E5329-A0B1-4BA9-9203-B70B44A5F9E0}.LinuxDebug|Any CPU.ActiveCfg = Debug|Any CPU
		{025E5329-A0B1-4BA9-9203-B70B44A5F9E0}.LinuxDebug|Any CPU.Build.0 = Debug|Any CPU
		{025E5329-A0B1-4BA9-9203-B70B44A5F9E0}.LinuxRelease|Any CPU.ActiveCfg = Release|Any CPU
		{025E5329-A0B1-4BA9-9203-B70B44A5F9E0}.LinuxRelease|Any CPU.Build.0 = Release|Any CPU
		{025E5329-A0B1-4BA9-9203-B70B44A5F9E0}.MacRelease|Any CPU.ActiveCfg = Release|Any CPU
		{025E5329-A0B1-4BA9-9203-B70B44A5F9E0}.MacRelease|Any CPU.Build.0 = Release|Any CPU
		{025E5329-A0B1-4BA9-9203-B70B44A5F9E0}.WindowsRelease|Any CPU.ActiveCfg = Release|Any CPU
		{025E5329-A0B1-4BA9-9203-B70B44A5F9E0}.WindowsRelease|Any CPU.Build.0 = Release|Any CPU
		{2B3CD8FF-84A6-4B53-A28B-D7A75B0AB4D7}.Debug|Any CPU.ActiveCfg = Debug|Any CPU
		{2B3CD8FF-84A6-4B53-A28B-D7A75B0AB4D7}.MacDebug|Any CPU.ActiveCfg = Debug|Any CPU
		{2B3CD8FF-84A6-4B53-A28B-D7A75B0AB4D7}.Release|Any CPU.ActiveCfg = Release|Any CPU
		{2B3CD8FF-84A6-4B53-A28B-D7A75B0AB4D7}.WindowsDebug|Any CPU.ActiveCfg = Debug|Any CPU
		{2B3CD8FF-84A6-4B53-A28B-D7A75B0AB4D7}.WindowsDebug|Any CPU.Build.0 = Debug|Any CPU
		{2B3CD8FF-84A6-4B53-A28B-D7A75B0AB4D7}.MacRelease|Any CPU.ActiveCfg = Release|Any CPU
		{2B3CD8FF-84A6-4B53-A28B-D7A75B0AB4D7}.WindowsRelease|Any CPU.ActiveCfg = Release|Any CPU
		{2B3CD8FF-84A6-4B53-A28B-D7A75B0AB4D7}.WindowsRelease|Any CPU.Build.0 = Release|Any CPU
		{2B3CD8FF-84A6-4B53-A28B-D7A75B0AB4D7}.LinuxDebug|Any CPU.ActiveCfg = Debug|Any CPU
		{2B3CD8FF-84A6-4B53-A28B-D7A75B0AB4D7}.LinuxRelease|Any CPU.ActiveCfg = Release|Any CPU
		{AD2A935F-3720-4802-8119-6A9B35B254DF}.LinuxDebug|Any CPU.ActiveCfg = Debug|Any CPU
		{AD2A935F-3720-4802-8119-6A9B35B254DF}.LinuxDebug|Any CPU.Build.0 = Debug|Any CPU
		{AD2A935F-3720-4802-8119-6A9B35B254DF}.LinuxRelease|Any CPU.ActiveCfg = Release|Any CPU
		{AD2A935F-3720-4802-8119-6A9B35B254DF}.Debug|Any CPU.ActiveCfg = Debug|Any CPU
		{AD2A935F-3720-4802-8119-6A9B35B254DF}.MacDebug|Any CPU.ActiveCfg = Debug|Any CPU
		{AD2A935F-3720-4802-8119-6A9B35B254DF}.MacRelease|Any CPU.ActiveCfg = Release|Any CPU
		{AD2A935F-3720-4802-8119-6A9B35B254DF}.Release|Any CPU.ActiveCfg = Release|Any CPU
		{AD2A935F-3720-4802-8119-6A9B35B254DF}.WindowsDebug|Any CPU.ActiveCfg = Debug|Any CPU
		{AD2A935F-3720-4802-8119-6A9B35B254DF}.WindowsRelease|Any CPU.ActiveCfg = Release|Any CPU
		{AD2A935F-3720-4802-8119-6A9B35B254DF}.LinuxRelease|Any CPU.Build.0 = Release|Any CPU
		{B5F00B46-FE93-45F2-B283-52B74B3E13B9}.Debug|Any CPU.ActiveCfg = Debug|Any CPU
		{B5F00B46-FE93-45F2-B283-52B74B3E13B9}.Debug|Any CPU.Build.0 = Debug|Any CPU
		{B5F00B46-FE93-45F2-B283-52B74B3E13B9}.MacDebug|Any CPU.ActiveCfg = Debug|Any CPU
		{B5F00B46-FE93-45F2-B283-52B74B3E13B9}.MacDebug|Any CPU.Build.0 = Debug|Any CPU
		{B5F00B46-FE93-45F2-B283-52B74B3E13B9}.MacRelease|Any CPU.ActiveCfg = Release|Any CPU
		{B5F00B46-FE93-45F2-B283-52B74B3E13B9}.MacRelease|Any CPU.Build.0 = Release|Any CPU
		{B5F00B46-FE93-45F2-B283-52B74B3E13B9}.Release|Any CPU.ActiveCfg = Release|Any CPU
		{B5F00B46-FE93-45F2-B283-52B74B3E13B9}.Release|Any CPU.Build.0 = Release|Any CPU
		{B5F00B46-FE93-45F2-B283-52B74B3E13B9}.WindowsDebug|Any CPU.ActiveCfg = Debug|Any CPU
		{B5F00B46-FE93-45F2-B283-52B74B3E13B9}.WindowsDebug|Any CPU.Build.0 = Debug|Any CPU
		{B5F00B46-FE93-45F2-B283-52B74B3E13B9}.WindowsRelease|Any CPU.ActiveCfg = Release|Any CPU
		{B5F00B46-FE93-45F2-B283-52B74B3E13B9}.WindowsRelease|Any CPU.Build.0 = Release|Any CPU
		{B5F00B46-FE93-45F2-B283-52B74B3E13B9}.LinuxDebug|Any CPU.ActiveCfg = Debug|Any CPU
		{B5F00B46-FE93-45F2-B283-52B74B3E13B9}.LinuxDebug|Any CPU.Build.0 = Debug|Any CPU
		{B5F00B46-FE93-45F2-B283-52B74B3E13B9}.LinuxRelease|Any CPU.ActiveCfg = Release|Any CPU
		{B5F00B46-FE93-45F2-B283-52B74B3E13B9}.LinuxRelease|Any CPU.Build.0 = Release|Any CPU
		{EB1AA840-6FFF-4464-A9B2-0AEA36F615EA}.Debug|Any CPU.ActiveCfg = Debug|Any CPU
		{EB1AA840-6FFF-4464-A9B2-0AEA36F615EA}.Debug|Any CPU.Build.0 = Debug|Any CPU
		{EB1AA840-6FFF-4464-A9B2-0AEA36F615EA}.MacDebug|Any CPU.ActiveCfg = Debug|Any CPU
		{EB1AA840-6FFF-4464-A9B2-0AEA36F615EA}.MacDebug|Any CPU.Build.0 = Debug|Any CPU
		{EB1AA840-6FFF-4464-A9B2-0AEA36F615EA}.MacRelease|Any CPU.ActiveCfg = Release|Any CPU
		{EB1AA840-6FFF-4464-A9B2-0AEA36F615EA}.MacRelease|Any CPU.Build.0 = Release|Any CPU
		{EB1AA840-6FFF-4464-A9B2-0AEA36F615EA}.Release|Any CPU.ActiveCfg = Release|Any CPU
		{EB1AA840-6FFF-4464-A9B2-0AEA36F615EA}.Release|Any CPU.Build.0 = Release|Any CPU
		{EB1AA840-6FFF-4464-A9B2-0AEA36F615EA}.WindowsDebug|Any CPU.ActiveCfg = Debug|Any CPU
		{EB1AA840-6FFF-4464-A9B2-0AEA36F615EA}.WindowsDebug|Any CPU.Build.0 = Debug|Any CPU
		{EB1AA840-6FFF-4464-A9B2-0AEA36F615EA}.WindowsRelease|Any CPU.ActiveCfg = Release|Any CPU
		{EB1AA840-6FFF-4464-A9B2-0AEA36F615EA}.WindowsRelease|Any CPU.Build.0 = Release|Any CPU
		{EB1AA840-6FFF-4464-A9B2-0AEA36F615EA}.LinuxDebug|Any CPU.ActiveCfg = Debug|Any CPU
		{EB1AA840-6FFF-4464-A9B2-0AEA36F615EA}.LinuxDebug|Any CPU.Build.0 = Debug|Any CPU
		{EB1AA840-6FFF-4464-A9B2-0AEA36F615EA}.LinuxRelease|Any CPU.ActiveCfg = Release|Any CPU
		{EB1AA840-6FFF-4464-A9B2-0AEA36F615EA}.LinuxRelease|Any CPU.Build.0 = Release|Any CPU
		{001846B0-462B-4A27-90CD-2435D4C0F680}.Debug|Any CPU.ActiveCfg = Debug|Any CPU
		{001846B0-462B-4A27-90CD-2435D4C0F680}.Debug|Any CPU.Build.0 = Debug|Any CPU
		{001846B0-462B-4A27-90CD-2435D4C0F680}.MacDebug|Any CPU.ActiveCfg = Debug|Any CPU
		{001846B0-462B-4A27-90CD-2435D4C0F680}.MacDebug|Any CPU.Build.0 = Debug|Any CPU
		{001846B0-462B-4A27-90CD-2435D4C0F680}.MacRelease|Any CPU.ActiveCfg = Release|Any CPU
		{001846B0-462B-4A27-90CD-2435D4C0F680}.MacRelease|Any CPU.Build.0 = Release|Any CPU
		{001846B0-462B-4A27-90CD-2435D4C0F680}.Release|Any CPU.ActiveCfg = Release|Any CPU
		{001846B0-462B-4A27-90CD-2435D4C0F680}.Release|Any CPU.Build.0 = Release|Any CPU
		{001846B0-462B-4A27-90CD-2435D4C0F680}.WindowsDebug|Any CPU.ActiveCfg = Debug|Any CPU
		{001846B0-462B-4A27-90CD-2435D4C0F680}.WindowsDebug|Any CPU.Build.0 = Debug|Any CPU
		{001846B0-462B-4A27-90CD-2435D4C0F680}.WindowsRelease|Any CPU.ActiveCfg = Release|Any CPU
		{001846B0-462B-4A27-90CD-2435D4C0F680}.WindowsRelease|Any CPU.Build.0 = Release|Any CPU
		{001846B0-462B-4A27-90CD-2435D4C0F680}.LinuxDebug|Any CPU.ActiveCfg = Debug|Any CPU
		{001846B0-462B-4A27-90CD-2435D4C0F680}.LinuxDebug|Any CPU.Build.0 = Debug|Any CPU
		{001846B0-462B-4A27-90CD-2435D4C0F680}.LinuxRelease|Any CPU.ActiveCfg = Release|Any CPU
		{001846B0-462B-4A27-90CD-2435D4C0F680}.LinuxRelease|Any CPU.Build.0 = Release|Any CPU
		{DE620324-250C-4262-BA13-198FA6FDB82A}.Debug|Any CPU.ActiveCfg = Debug|Any CPU
		{DE620324-250C-4262-BA13-198FA6FDB82A}.Debug|Any CPU.Build.0 = Debug|Any CPU
		{DE620324-250C-4262-BA13-198FA6FDB82A}.MacDebug|Any CPU.ActiveCfg = Debug|Any CPU
		{DE620324-250C-4262-BA13-198FA6FDB82A}.MacDebug|Any CPU.Build.0 = Debug|Any CPU
		{DE620324-250C-4262-BA13-198FA6FDB82A}.Release|Any CPU.ActiveCfg = Release|Any CPU
		{DE620324-250C-4262-BA13-198FA6FDB82A}.Release|Any CPU.Build.0 = Release|Any CPU
		{DE620324-250C-4262-BA13-198FA6FDB82A}.WindowsDebug|Any CPU.ActiveCfg = Debug|Any CPU
		{DE620324-250C-4262-BA13-198FA6FDB82A}.WindowsDebug|Any CPU.Build.0 = Debug|Any CPU
		{DE620324-250C-4262-BA13-198FA6FDB82A}.LinuxDebug|Any CPU.ActiveCfg = Debug|Any CPU
		{DE620324-250C-4262-BA13-198FA6FDB82A}.LinuxDebug|Any CPU.Build.0 = Debug|Any CPU
		{DE620324-250C-4262-BA13-198FA6FDB82A}.LinuxRelease|Any CPU.ActiveCfg = Release|Any CPU
		{DE620324-250C-4262-BA13-198FA6FDB82A}.LinuxRelease|Any CPU.Build.0 = Release|Any CPU
		{DE620324-250C-4262-BA13-198FA6FDB82A}.MacRelease|Any CPU.ActiveCfg = Release|Any CPU
		{DE620324-250C-4262-BA13-198FA6FDB82A}.MacRelease|Any CPU.Build.0 = Release|Any CPU
		{DE620324-250C-4262-BA13-198FA6FDB82A}.WindowsRelease|Any CPU.ActiveCfg = Release|Any CPU
		{DE620324-250C-4262-BA13-198FA6FDB82A}.WindowsRelease|Any CPU.Build.0 = Release|Any CPU
		{459501A8-31E6-41CB-BE54-D31FFF4B2007}.Debug|Any CPU.ActiveCfg = Debug|Any CPU
		{459501A8-31E6-41CB-BE54-D31FFF4B2007}.Debug|Any CPU.Build.0 = Debug|Any CPU
		{459501A8-31E6-41CB-BE54-D31FFF4B2007}.MacDebug|Any CPU.ActiveCfg = Debug|Any CPU
		{459501A8-31E6-41CB-BE54-D31FFF4B2007}.MacDebug|Any CPU.Build.0 = Debug|Any CPU
		{459501A8-31E6-41CB-BE54-D31FFF4B2007}.Release|Any CPU.ActiveCfg = Release|Any CPU
		{459501A8-31E6-41CB-BE54-D31FFF4B2007}.Release|Any CPU.Build.0 = Release|Any CPU
		{459501A8-31E6-41CB-BE54-D31FFF4B2007}.WindowsDebug|Any CPU.ActiveCfg = Debug|Any CPU
		{459501A8-31E6-41CB-BE54-D31FFF4B2007}.WindowsDebug|Any CPU.Build.0 = Debug|Any CPU
		{459501A8-31E6-41CB-BE54-D31FFF4B2007}.LinuxDebug|Any CPU.ActiveCfg = Debug|Any CPU
		{459501A8-31E6-41CB-BE54-D31FFF4B2007}.LinuxDebug|Any CPU.Build.0 = Debug|Any CPU
		{459501A8-31E6-41CB-BE54-D31FFF4B2007}.LinuxRelease|Any CPU.ActiveCfg = Release|Any CPU
		{459501A8-31E6-41CB-BE54-D31FFF4B2007}.LinuxRelease|Any CPU.Build.0 = Release|Any CPU
		{459501A8-31E6-41CB-BE54-D31FFF4B2007}.MacRelease|Any CPU.ActiveCfg = Release|Any CPU
		{459501A8-31E6-41CB-BE54-D31FFF4B2007}.MacRelease|Any CPU.Build.0 = Release|Any CPU
		{459501A8-31E6-41CB-BE54-D31FFF4B2007}.WindowsRelease|Any CPU.ActiveCfg = Release|Any CPU
		{459501A8-31E6-41CB-BE54-D31FFF4B2007}.WindowsRelease|Any CPU.Build.0 = Release|Any CPU
		{714ACBE7-0C69-4D8A-9224-22792CAA8264}.Debug|Any CPU.ActiveCfg = Debug|Any CPU
		{714ACBE7-0C69-4D8A-9224-22792CAA8264}.Debug|Any CPU.Build.0 = Debug|Any CPU
		{714ACBE7-0C69-4D8A-9224-22792CAA8264}.MacDebug|Any CPU.ActiveCfg = Debug|Any CPU
		{714ACBE7-0C69-4D8A-9224-22792CAA8264}.MacDebug|Any CPU.Build.0 = Debug|Any CPU
		{714ACBE7-0C69-4D8A-9224-22792CAA8264}.Release|Any CPU.ActiveCfg = Release|Any CPU
		{714ACBE7-0C69-4D8A-9224-22792CAA8264}.Release|Any CPU.Build.0 = Release|Any CPU
		{714ACBE7-0C69-4D8A-9224-22792CAA8264}.WindowsDebug|Any CPU.ActiveCfg = Debug|Any CPU
		{714ACBE7-0C69-4D8A-9224-22792CAA8264}.WindowsDebug|Any CPU.Build.0 = Debug|Any CPU
		{714ACBE7-0C69-4D8A-9224-22792CAA8264}.LinuxDebug|Any CPU.ActiveCfg = Debug|Any CPU
		{714ACBE7-0C69-4D8A-9224-22792CAA8264}.LinuxDebug|Any CPU.Build.0 = Debug|Any CPU
		{714ACBE7-0C69-4D8A-9224-22792CAA8264}.LinuxRelease|Any CPU.ActiveCfg = Release|Any CPU
		{714ACBE7-0C69-4D8A-9224-22792CAA8264}.LinuxRelease|Any CPU.Build.0 = Release|Any CPU
		{714ACBE7-0C69-4D8A-9224-22792CAA8264}.MacRelease|Any CPU.ActiveCfg = Release|Any CPU
		{714ACBE7-0C69-4D8A-9224-22792CAA8264}.MacRelease|Any CPU.Build.0 = Release|Any CPU
		{714ACBE7-0C69-4D8A-9224-22792CAA8264}.WindowsRelease|Any CPU.ActiveCfg = Release|Any CPU
		{714ACBE7-0C69-4D8A-9224-22792CAA8264}.WindowsRelease|Any CPU.Build.0 = Release|Any CPU
		{0A86ED89-1FC5-42AA-925C-4578FA30607A}.Debug|Any CPU.ActiveCfg = Debug|Any CPU
		{0A86ED89-1FC5-42AA-925C-4578FA30607A}.MacDebug|Any CPU.ActiveCfg = Debug|Any CPU
		{0A86ED89-1FC5-42AA-925C-4578FA30607A}.Release|Any CPU.ActiveCfg = Release|Any CPU
		{0A86ED89-1FC5-42AA-925C-4578FA30607A}.WindowsDebug|Any CPU.ActiveCfg = Debug|Any CPU
		{0A86ED89-1FC5-42AA-925C-4578FA30607A}.WindowsDebug|Any CPU.Build.0 = Debug|Any CPU
		{0A86ED89-1FC5-42AA-925C-4578FA30607A}.LinuxDebug|Any CPU.ActiveCfg = Debug|Any CPU
		{0A86ED89-1FC5-42AA-925C-4578FA30607A}.LinuxRelease|Any CPU.ActiveCfg = Release|Any CPU
		{0A86ED89-1FC5-42AA-925C-4578FA30607A}.MacRelease|Any CPU.ActiveCfg = Release|Any CPU
		{0A86ED89-1FC5-42AA-925C-4578FA30607A}.WindowsRelease|Any CPU.ActiveCfg = Release|Any CPU
		{0A86ED89-1FC5-42AA-925C-4578FA30607A}.WindowsRelease|Any CPU.Build.0 = Release|Any CPU
		{3F015046-DAF2-4D2A-96EC-F9782F169E45}.Debug|Any CPU.ActiveCfg = Debug|Any CPU
		{3F015046-DAF2-4D2A-96EC-F9782F169E45}.MacDebug|Any CPU.ActiveCfg = Debug|Any CPU
		{3F015046-DAF2-4D2A-96EC-F9782F169E45}.Release|Any CPU.ActiveCfg = Release|Any CPU
		{3F015046-DAF2-4D2A-96EC-F9782F169E45}.WindowsDebug|Any CPU.ActiveCfg = Debug|Any CPU
		{3F015046-DAF2-4D2A-96EC-F9782F169E45}.WindowsDebug|Any CPU.Build.0 = Debug|Any CPU
		{3F015046-DAF2-4D2A-96EC-F9782F169E45}.LinuxDebug|Any CPU.ActiveCfg = Debug|Any CPU
		{3F015046-DAF2-4D2A-96EC-F9782F169E45}.LinuxRelease|Any CPU.ActiveCfg = Release|Any CPU
		{3F015046-DAF2-4D2A-96EC-F9782F169E45}.MacRelease|Any CPU.ActiveCfg = Release|Any CPU
		{3F015046-DAF2-4D2A-96EC-F9782F169E45}.WindowsRelease|Any CPU.ActiveCfg = Release|Any CPU
		{3F015046-DAF2-4D2A-96EC-F9782F169E45}.WindowsRelease|Any CPU.Build.0 = Release|Any CPU
		{570897DC-A85C-4598-B793-9A00CF710119}.Debug|Any CPU.ActiveCfg = Debug|Any CPU
		{570897DC-A85C-4598-B793-9A00CF710119}.Debug|Any CPU.Build.0 = Debug|Any CPU
		{570897DC-A85C-4598-B793-9A00CF710119}.MacDebug|Any CPU.ActiveCfg = Debug|Any CPU
		{570897DC-A85C-4598-B793-9A00CF710119}.MacDebug|Any CPU.Build.0 = Debug|Any CPU
		{570897DC-A85C-4598-B793-9A00CF710119}.Release|Any CPU.ActiveCfg = Release|Any CPU
		{570897DC-A85C-4598-B793-9A00CF710119}.Release|Any CPU.Build.0 = Release|Any CPU
		{570897DC-A85C-4598-B793-9A00CF710119}.WindowsDebug|Any CPU.ActiveCfg = Debug|Any CPU
		{570897DC-A85C-4598-B793-9A00CF710119}.WindowsDebug|Any CPU.Build.0 = Debug|Any CPU
		{570897DC-A85C-4598-B793-9A00CF710119}.LinuxDebug|Any CPU.ActiveCfg = Debug|Any CPU
		{570897DC-A85C-4598-B793-9A00CF710119}.LinuxDebug|Any CPU.Build.0 = Debug|Any CPU
		{570897DC-A85C-4598-B793-9A00CF710119}.LinuxRelease|Any CPU.ActiveCfg = Release|Any CPU
		{570897DC-A85C-4598-B793-9A00CF710119}.LinuxRelease|Any CPU.Build.0 = Release|Any CPU
		{570897DC-A85C-4598-B793-9A00CF710119}.MacRelease|Any CPU.ActiveCfg = Release|Any CPU
		{570897DC-A85C-4598-B793-9A00CF710119}.MacRelease|Any CPU.Build.0 = Release|Any CPU
		{570897DC-A85C-4598-B793-9A00CF710119}.WindowsRelease|Any CPU.ActiveCfg = Release|Any CPU
		{570897DC-A85C-4598-B793-9A00CF710119}.WindowsRelease|Any CPU.Build.0 = Release|Any CPU
		{1AF9F7C5-FA2E-48F1-B216-4D5E9A27F393}.Debug|Any CPU.ActiveCfg = Debug|Any CPU
		{1AF9F7C5-FA2E-48F1-B216-4D5E9A27F393}.Debug|Any CPU.Build.0 = Debug|Any CPU
		{1AF9F7C5-FA2E-48F1-B216-4D5E9A27F393}.MacDebug|Any CPU.ActiveCfg = Debug|Any CPU
		{1AF9F7C5-FA2E-48F1-B216-4D5E9A27F393}.MacDebug|Any CPU.Build.0 = Debug|Any CPU
		{1AF9F7C5-FA2E-48F1-B216-4D5E9A27F393}.Release|Any CPU.ActiveCfg = Release|Any CPU
		{1AF9F7C5-FA2E-48F1-B216-4D5E9A27F393}.Release|Any CPU.Build.0 = Release|Any CPU
		{1AF9F7C5-FA2E-48F1-B216-4D5E9A27F393}.WindowsDebug|Any CPU.ActiveCfg = Debug|Any CPU
		{1AF9F7C5-FA2E-48F1-B216-4D5E9A27F393}.WindowsDebug|Any CPU.Build.0 = Debug|Any CPU
		{1AF9F7C5-FA2E-48F1-B216-4D5E9A27F393}.LinuxDebug|Any CPU.ActiveCfg = Debug|Any CPU
		{1AF9F7C5-FA2E-48F1-B216-4D5E9A27F393}.LinuxDebug|Any CPU.Build.0 = Debug|Any CPU
		{1AF9F7C5-FA2E-48F1-B216-4D5E9A27F393}.LinuxRelease|Any CPU.ActiveCfg = Release|Any CPU
		{1AF9F7C5-FA2E-48F1-B216-4D5E9A27F393}.LinuxRelease|Any CPU.Build.0 = Release|Any CPU
		{1AF9F7C5-FA2E-48F1-B216-4D5E9A27F393}.MacRelease|Any CPU.ActiveCfg = Release|Any CPU
		{1AF9F7C5-FA2E-48F1-B216-4D5E9A27F393}.MacRelease|Any CPU.Build.0 = Release|Any CPU
		{1AF9F7C5-FA2E-48F1-B216-4D5E9A27F393}.WindowsRelease|Any CPU.ActiveCfg = Release|Any CPU
		{1AF9F7C5-FA2E-48F1-B216-4D5E9A27F393}.WindowsRelease|Any CPU.Build.0 = Release|Any CPU
		{9AFD88E2-7E2C-46DA-9D38-4342086426D3}.Debug|Any CPU.ActiveCfg = Debug|Any CPU
		{9AFD88E2-7E2C-46DA-9D38-4342086426D3}.Debug|Any CPU.Build.0 = Debug|Any CPU
		{9AFD88E2-7E2C-46DA-9D38-4342086426D3}.MacDebug|Any CPU.ActiveCfg = Debug|Any CPU
		{9AFD88E2-7E2C-46DA-9D38-4342086426D3}.MacDebug|Any CPU.Build.0 = Debug|Any CPU
		{9AFD88E2-7E2C-46DA-9D38-4342086426D3}.Release|Any CPU.ActiveCfg = Release|Any CPU
		{9AFD88E2-7E2C-46DA-9D38-4342086426D3}.Release|Any CPU.Build.0 = Release|Any CPU
		{9AFD88E2-7E2C-46DA-9D38-4342086426D3}.WindowsDebug|Any CPU.ActiveCfg = Debug|Any CPU
		{9AFD88E2-7E2C-46DA-9D38-4342086426D3}.WindowsDebug|Any CPU.Build.0 = Debug|Any CPU
		{9AFD88E2-7E2C-46DA-9D38-4342086426D3}.LinuxDebug|Any CPU.ActiveCfg = Debug|Any CPU
		{9AFD88E2-7E2C-46DA-9D38-4342086426D3}.LinuxDebug|Any CPU.Build.0 = Debug|Any CPU
		{9AFD88E2-7E2C-46DA-9D38-4342086426D3}.LinuxRelease|Any CPU.ActiveCfg = Release|Any CPU
		{9AFD88E2-7E2C-46DA-9D38-4342086426D3}.LinuxRelease|Any CPU.Build.0 = Release|Any CPU
		{9AFD88E2-7E2C-46DA-9D38-4342086426D3}.MacRelease|Any CPU.ActiveCfg = Release|Any CPU
		{9AFD88E2-7E2C-46DA-9D38-4342086426D3}.MacRelease|Any CPU.Build.0 = Release|Any CPU
		{9AFD88E2-7E2C-46DA-9D38-4342086426D3}.WindowsRelease|Any CPU.ActiveCfg = Release|Any CPU
		{9AFD88E2-7E2C-46DA-9D38-4342086426D3}.WindowsRelease|Any CPU.Build.0 = Release|Any CPU
		{47186A50-8889-4FC7-8A05-F9FCE7F8F4AE}.Debug|Any CPU.ActiveCfg = Debug|Any CPU
		{47186A50-8889-4FC7-8A05-F9FCE7F8F4AE}.Debug|Any CPU.Build.0 = Debug|Any CPU
		{47186A50-8889-4FC7-8A05-F9FCE7F8F4AE}.MacDebug|Any CPU.ActiveCfg = Debug|Any CPU
		{47186A50-8889-4FC7-8A05-F9FCE7F8F4AE}.MacDebug|Any CPU.Build.0 = Debug|Any CPU
		{47186A50-8889-4FC7-8A05-F9FCE7F8F4AE}.Release|Any CPU.ActiveCfg = Release|Any CPU
		{47186A50-8889-4FC7-8A05-F9FCE7F8F4AE}.Release|Any CPU.Build.0 = Release|Any CPU
		{47186A50-8889-4FC7-8A05-F9FCE7F8F4AE}.WindowsDebug|Any CPU.ActiveCfg = Debug|Any CPU
		{47186A50-8889-4FC7-8A05-F9FCE7F8F4AE}.WindowsDebug|Any CPU.Build.0 = Debug|Any CPU
		{47186A50-8889-4FC7-8A05-F9FCE7F8F4AE}.LinuxDebug|Any CPU.ActiveCfg = Debug|Any CPU
		{47186A50-8889-4FC7-8A05-F9FCE7F8F4AE}.LinuxDebug|Any CPU.Build.0 = Debug|Any CPU
		{47186A50-8889-4FC7-8A05-F9FCE7F8F4AE}.LinuxRelease|Any CPU.ActiveCfg = Release|Any CPU
		{47186A50-8889-4FC7-8A05-F9FCE7F8F4AE}.LinuxRelease|Any CPU.Build.0 = Release|Any CPU
		{47186A50-8889-4FC7-8A05-F9FCE7F8F4AE}.MacRelease|Any CPU.ActiveCfg = Release|Any CPU
		{47186A50-8889-4FC7-8A05-F9FCE7F8F4AE}.MacRelease|Any CPU.Build.0 = Release|Any CPU
		{47186A50-8889-4FC7-8A05-F9FCE7F8F4AE}.WindowsRelease|Any CPU.ActiveCfg = Release|Any CPU
		{47186A50-8889-4FC7-8A05-F9FCE7F8F4AE}.WindowsRelease|Any CPU.Build.0 = Release|Any CPU
		{83EAC1F9-8E1F-41FC-8FC9-2C452452D64E}.Debug|Any CPU.ActiveCfg = Debug|Any CPU
		{83EAC1F9-8E1F-41FC-8FC9-2C452452D64E}.MacDebug|Any CPU.ActiveCfg = Debug|Any CPU
		{83EAC1F9-8E1F-41FC-8FC9-2C452452D64E}.Release|Any CPU.ActiveCfg = Release|Any CPU
		{83EAC1F9-8E1F-41FC-8FC9-2C452452D64E}.WindowsDebug|Any CPU.ActiveCfg = Debug|Any CPU
		{83EAC1F9-8E1F-41FC-8FC9-2C452452D64E}.WindowsDebug|Any CPU.Build.0 = Debug|Any CPU
		{83EAC1F9-8E1F-41FC-8FC9-2C452452D64E}.LinuxDebug|Any CPU.ActiveCfg = Debug|Any CPU
		{83EAC1F9-8E1F-41FC-8FC9-2C452452D64E}.LinuxRelease|Any CPU.ActiveCfg = Release|Any CPU
		{83EAC1F9-8E1F-41FC-8FC9-2C452452D64E}.MacRelease|Any CPU.ActiveCfg = Release|Any CPU
		{83EAC1F9-8E1F-41FC-8FC9-2C452452D64E}.WindowsRelease|Any CPU.ActiveCfg = Release|Any CPU
		{83EAC1F9-8E1F-41FC-8FC9-2C452452D64E}.WindowsRelease|Any CPU.Build.0 = Release|Any CPU
		{35659127-8859-4DB9-8DD6-A08C1952632E}.Debug|Any CPU.ActiveCfg = Debug|Any CPU
		{35659127-8859-4DB9-8DD6-A08C1952632E}.Debug|Any CPU.Build.0 = Debug|Any CPU
		{35659127-8859-4DB9-8DD6-A08C1952632E}.MacDebug|Any CPU.ActiveCfg = Debug|Any CPU
		{35659127-8859-4DB9-8DD6-A08C1952632E}.MacDebug|Any CPU.Build.0 = Debug|Any CPU
		{35659127-8859-4DB9-8DD6-A08C1952632E}.Release|Any CPU.ActiveCfg = Release|Any CPU
		{35659127-8859-4DB9-8DD6-A08C1952632E}.Release|Any CPU.Build.0 = Release|Any CPU
		{35659127-8859-4DB9-8DD6-A08C1952632E}.WindowsDebug|Any CPU.ActiveCfg = Debug|Any CPU
		{35659127-8859-4DB9-8DD6-A08C1952632E}.WindowsDebug|Any CPU.Build.0 = Debug|Any CPU
		{35659127-8859-4DB9-8DD6-A08C1952632E}.LinuxDebug|Any CPU.ActiveCfg = Debug|Any CPU
		{35659127-8859-4DB9-8DD6-A08C1952632E}.LinuxDebug|Any CPU.Build.0 = Debug|Any CPU
		{35659127-8859-4DB9-8DD6-A08C1952632E}.LinuxRelease|Any CPU.ActiveCfg = Release|Any CPU
		{35659127-8859-4DB9-8DD6-A08C1952632E}.LinuxRelease|Any CPU.Build.0 = Release|Any CPU
		{35659127-8859-4DB9-8DD6-A08C1952632E}.MacRelease|Any CPU.ActiveCfg = Release|Any CPU
		{35659127-8859-4DB9-8DD6-A08C1952632E}.MacRelease|Any CPU.Build.0 = Release|Any CPU
		{35659127-8859-4DB9-8DD6-A08C1952632E}.WindowsRelease|Any CPU.ActiveCfg = Release|Any CPU
		{35659127-8859-4DB9-8DD6-A08C1952632E}.WindowsRelease|Any CPU.Build.0 = Release|Any CPU
		{01BF56EC-AAC1-4BCA-8204-EE51D968DF5C}.Debug|Any CPU.ActiveCfg = Debug|Any CPU
		{01BF56EC-AAC1-4BCA-8204-EE51D968DF5C}.MacDebug|Any CPU.ActiveCfg = Debug|Any CPU
		{01BF56EC-AAC1-4BCA-8204-EE51D968DF5C}.MacRelease|Any CPU.ActiveCfg = Release|Any CPU
		{01BF56EC-AAC1-4BCA-8204-EE51D968DF5C}.Release|Any CPU.ActiveCfg = Release|Any CPU
		{01BF56EC-AAC1-4BCA-8204-EE51D968DF5C}.WindowsDebug|Any CPU.ActiveCfg = Debug|Any CPU
		{01BF56EC-AAC1-4BCA-8204-EE51D968DF5C}.WindowsDebug|Any CPU.Build.0 = Debug|Any CPU
		{01BF56EC-AAC1-4BCA-8204-EE51D968DF5C}.WindowsRelease|Any CPU.ActiveCfg = Debug|Any CPU
		{01BF56EC-AAC1-4BCA-8204-EE51D968DF5C}.WindowsRelease|Any CPU.Build.0 = Release|Any CPU
		{01BF56EC-AAC1-4BCA-8204-EE51D968DF5C}.LinuxDebug|Any CPU.ActiveCfg = Debug|Any CPU
		{01BF56EC-AAC1-4BCA-8204-EE51D968DF5C}.LinuxRelease|Any CPU.ActiveCfg = Release|Any CPU
	EndGlobalSection
	GlobalSection(SolutionProperties) = preSolution
		HideSolutionNode = FALSE
	EndGlobalSection
	GlobalSection(NestedProjects) = preSolution
		{28F06D44-AB25-4CF5-93F9-978C23FAA9D6} = {D5277A0E-997E-453A-8CB9-4EFCC8B16A29}
		{31BCFC70-B767-4274-873F-1A076D422FC3} = {D5277A0E-997E-453A-8CB9-4EFCC8B16A29}
		{AD41FA1E-51F5-4E4F-B7DA-32F921491313} = {D5277A0E-997E-453A-8CB9-4EFCC8B16A29}
		{714AF9EB-44E6-4058-BD3E-9039F29F4D7A} = {D5277A0E-997E-453A-8CB9-4EFCC8B16A29}
		{97DC6241-1240-4A85-8035-F8404A983A82} = {D5277A0E-997E-453A-8CB9-4EFCC8B16A29}
		{66722747-1B61-40E4-A89B-1AC8E6D62EA9} = {A7FC1234-95E3-4496-B5F7-4306F41E6A0E}
		{5A7D9E8B-C1D2-4C5C-BE98-648C41D1F8BD} = {D5277A0E-997E-453A-8CB9-4EFCC8B16A29}
		{3C840B06-A595-4FD9-9A76-56CD45B14780} = {D5277A0E-997E-453A-8CB9-4EFCC8B16A29}
		{D5277A0E-997E-453A-8CB9-4EFCC8B16A29} = {A7FC1234-95E3-4496-B5F7-4306F41E6A0E}
		{3E524EA8-D31A-4394-997C-14B522E3D6FD} = {D5277A0E-997E-453A-8CB9-4EFCC8B16A29}
		{3D279E2D-E011-45CF-8EA8-3D71D1300443} = {A7FC1234-95E3-4496-B5F7-4306F41E6A0E}
		{74FA0AA4-B5C1-4F3B-B182-277FC2D50715} = {3D279E2D-E011-45CF-8EA8-3D71D1300443}
		{85903170-9E52-4B53-A6E4-3F416F684FAE} = {66722747-1B61-40E4-A89B-1AC8E6D62EA9}
		{B49881A6-E734-490E-8EA7-FB0D9E296CFB} = {D5277A0E-997E-453A-8CB9-4EFCC8B16A29}
		{025E5329-A0B1-4BA9-9203-B70B44A5F9E0} = {D5277A0E-997E-453A-8CB9-4EFCC8B16A29}
		{2B3CD8FF-84A6-4B53-A28B-D7A75B0AB4D7} = {66722747-1B61-40E4-A89B-1AC8E6D62EA9}
		{8F9D7E67-7DD7-4E32-9134-423281AF00E9} = {A7FC1234-95E3-4496-B5F7-4306F41E6A0E}
		{AD2A935F-3720-4802-8119-6A9B35B254DF} = {8F9D7E67-7DD7-4E32-9134-423281AF00E9}
		{B5F00B46-FE93-45F2-B283-52B74B3E13B9} = {D5277A0E-997E-453A-8CB9-4EFCC8B16A29}
		{EB1AA840-6FFF-4464-A9B2-0AEA36F615EA} = {D5277A0E-997E-453A-8CB9-4EFCC8B16A29}
		{001846B0-462B-4A27-90CD-2435D4C0F680} = {D5277A0E-997E-453A-8CB9-4EFCC8B16A29}
		{DE620324-250C-4262-BA13-198FA6FDB82A} = {D5277A0E-997E-453A-8CB9-4EFCC8B16A29}
		{459501A8-31E6-41CB-BE54-D31FFF4B2007} = {D5277A0E-997E-453A-8CB9-4EFCC8B16A29}
		{714ACBE7-0C69-4D8A-9224-22792CAA8264} = {D5277A0E-997E-453A-8CB9-4EFCC8B16A29}
		{0A86ED89-1FC5-42AA-925C-4578FA30607A} = {66722747-1B61-40E4-A89B-1AC8E6D62EA9}
		{3F015046-DAF2-4D2A-96EC-F9782F169E45} = {66722747-1B61-40E4-A89B-1AC8E6D62EA9}
		{570897DC-A85C-4598-B793-9A00CF710119} = {D5277A0E-997E-453A-8CB9-4EFCC8B16A29}
		{1AF9F7C5-FA2E-48F1-B216-4D5E9A27F393} = {D5277A0E-997E-453A-8CB9-4EFCC8B16A29}
		{9AFD88E2-7E2C-46DA-9D38-4342086426D3} = {D5277A0E-997E-453A-8CB9-4EFCC8B16A29}
		{47186A50-8889-4FC7-8A05-F9FCE7F8F4AE} = {D5277A0E-997E-453A-8CB9-4EFCC8B16A29}
		{83EAC1F9-8E1F-41FC-8FC9-2C452452D64E} = {66722747-1B61-40E4-A89B-1AC8E6D62EA9}
		{35659127-8859-4DB9-8DD6-A08C1952632E} = {D5277A0E-997E-453A-8CB9-4EFCC8B16A29}
		{01BF56EC-AAC1-4BCA-8204-EE51D968DF5C} = {66722747-1B61-40E4-A89B-1AC8E6D62EA9}
	EndGlobalSection
	GlobalSection(ExtensibilityGlobals) = postSolution
		SolutionGuid = {0EF9FC65-E6BA-45D4-A455-262A9EA4366B}
	EndGlobalSection
EndGlobal
